# This file was autogenerated by Stack.
# You should not edit this file by hand.
# For more information, please see the documentation at:
#   https://docs.haskellstack.org/en/stable/lock_files

packages:
- completed:
    hackage: openai-hs-0.3.0.1@sha256:a65f582b47f2538420814e8cef46053ee2a20b61fae9f12bc90ff7798f1f6f2c,2633
    pantry-tree:
      sha256: 9a7efebfbe59700fa9a6b99d9634b20c14c6a00ecbb922d1f171d7d3c40673df
      size: 507
  original:
    hackage: openai-hs-0.3.0.1
- completed:
    hackage: openai-servant-0.3.0.1@sha256:9761e7081e1ace645428fb5bf49389caa591459dbb8ccb543a8ed1b7620b6ac8,1605
    pantry-tree:
      sha256: 2f06f7f65d6bfc2daca0ba515e0fa4181ea2c5a43d9b948b838604136693d9b0
      size: 397
  original:
    hackage: openai-servant-0.3.0.1
snapshots:
- completed:
    sha256: fb482b8e2d5d061cdda4ba1da2957c012740c893a5ee1c1b99001adae7b1fbe7
    size: 640046
    url: https://raw.githubusercontent.com/commercialhaskell/stackage-snapshots/master/lts/21/19.yaml
  original: lts-21.19
